
Microsoft Visual Studio Solution File, Format Version 12.00
# Visual Studio Version 17
VisualStudioVersion = 17.6.33829.357
MinimumVisualStudioVersion = 10.0.40219.1
Project("{9A19103F-16F7-4668-BE54-9A1E7A4F7556}") = "LoadoutLock", "LoadoutLock.csproj", "{3854348A-97DE-4840-AA3A-605970F3682C}"
EndProject
Global
	GlobalSection(SolutionConfigurationPlatforms) = preSolution
		Debug|Any CPU = Debug|Any CPU
		Release|Any CPU = Release|Any CPU
	EndGlobalSection
	GlobalSection(ProjectConfigurationPlatforms) = postSolution
		{3854348A-97DE-4840-AA3A-605970F3682C}.Debug|Any CPU.ActiveCfg = Debug|Any CPU
		{3854348A-97DE-4840-AA3A-605970F3682C}.Debug|Any CPU.Build.0 = Debug|Any CPU
		{3854348A-97DE-4840-AA3A-605970F3682C}.Release|Any CPU.ActiveCfg = Release|Any CPU
		{3854348A-97DE-4840-AA3A-605970F3682C}.Release|Any CPU.Build.0 = Release|Any CPU
	EndGlobalSection
	GlobalSection(SolutionProperties) = preSolution
		HideSolutionNode = FALSE
	EndGlobalSection
	GlobalSection(ExtensibilityGlobals) = postSolution
		SolutionGuid = {F82F1F76-8A62-458F-86A0-F9BF54B1AA0D}
	EndGlobalSection
EndGlobal
